
Microsoft Visual Studio Solution File, Format Version 12.00
# Visual Studio Version 16
VisualStudioVersion = 16.0.30128.74
MinimumVisualStudioVersion = 10.0.40219.1
Project("{FAE04EC0-301F-11D3-BF4B-00C04F79EFBC}") = "Worksheet 3", "Worksheet 3.csproj", "{FCBAE7D3-1773-4941-A779-788EA32CE468}"
EndProject
Global
	GlobalSection(SolutionConfigurationPlatforms) = preSolution
		Debug|Any CPU = Debug|Any CPU
		Release|Any CPU = Release|Any CPU
	EndGlobalSection
	GlobalSection(ProjectConfigurationPlatforms) = postSolution
		{FCBAE7D3-1773-4941-A779-788EA32CE468}.Debug|Any CPU.ActiveCfg = Debug|Any CPU
		{FCBAE7D3-1773-4941-A779-788EA32CE468}.Debug|Any CPU.Build.0 = Debug|Any CPU
		{FCBAE7D3-1773-4941-A779-788EA32CE468}.Release|Any CPU.ActiveCfg = Release|Any CPU
		{FCBAE7D3-1773-4941-A779-788EA32CE468}.Release|Any CPU.Build.0 = Release|Any CPU
	EndGlobalSection
	GlobalSection(SolutionProperties) = preSolution
		HideSolutionNode = FALSE
	EndGlobalSection
	GlobalSection(ExtensibilityGlobals) = postSolution
		SolutionGuid = {11B88E23-189C-4970-AF96-DC56B2CE6579}
	EndGlobalSection
EndGlobal
